
Microsoft Visual Studio Solution File, Format Version 12.00
# Visual Studio Version 16
VisualStudioVersion = 16.0.29326.143
MinimumVisualStudioVersion = 10.0.40219.1
Project("{E24C65DC-7377-472B-9ABA-BC803B73C61A}") = "RegistrationForm", ".", "{8A1A4841-83FE-4692-9009-24F96AD9BD6D}"
	ProjectSection(WebsiteProperties) = preProject
		TargetFrameworkMoniker = ".NETFramework,Version%3Dv4.7.2"
		Debug.AspNetCompiler.VirtualPath = "/localhost_56545"
		Debug.AspNetCompiler.PhysicalPath = "..\RegistrationForm\"
		Debug.AspNetCompiler.TargetPath = "PrecompiledWeb\localhost_56545\"
		Debug.AspNetCompiler.Updateable = "true"
		Debug.AspNetCompiler.ForceOverwrite = "true"
		Debug.AspNetCompiler.FixedNames = "false"
		Debug.AspNetCompiler.Debug = "True"
		Release.AspNetCompiler.VirtualPath = "/localhost_56545"
		Release.AspNetCompiler.PhysicalPath = "..\RegistrationForm\"
		Release.AspNetCompiler.TargetPath = "PrecompiledWeb\localhost_56545\"
		Release.AspNetCompiler.Updateable = "true"
		Release.AspNetCompiler.ForceOverwrite = "true"
		Release.AspNetCompiler.FixedNames = "false"
		Release.AspNetCompiler.Debug = "False"
		VWDPort = "56545"
		SlnRelativePath = "..\RegistrationForm\"
		DefaultWebSiteLanguage = "Visual C#"
	EndProjectSection
EndProject
Global
	GlobalSection(SolutionConfigurationPlatforms) = preSolution
		Debug|Any CPU = Debug|Any CPU
	EndGlobalSection
	GlobalSection(ProjectConfigurationPlatforms) = postSolution
		{8A1A4841-83FE-4692-9009-24F96AD9BD6D}.Debug|Any CPU.ActiveCfg = Debug|Any CPU
		{8A1A4841-83FE-4692-9009-24F96AD9BD6D}.Debug|Any CPU.Build.0 = Debug|Any CPU
	EndGlobalSection
	GlobalSection(SolutionProperties) = preSolution
		HideSolutionNode = FALSE
	EndGlobalSection
	GlobalSection(ExtensibilityGlobals) = postSolution
		SolutionGuid = {F65785C3-ECC9-494F-97F3-A0EEE3A8EB31}
	EndGlobalSection
EndGlobal
